
Microsoft Visual Studio Solution File, Format Version 12.00
# Visual Studio 14
VisualStudioVersion = 14.0.25123.0
MinimumVisualStudioVersion = 10.0.40219.1
Project("{FAE04EC0-301F-11D3-BF4B-00C04F79EFBC}") = "WakeOnBandXamarin.Droid", "WakeOnBandXamarin\WakeOnBandXamarin.Droid\WakeOnBandXamarin.Droid.csproj", "{13AF0E14-A635-42C4-88F7-48D17293D4F3}"
EndProject
Project("{FAE04EC0-301F-11D3-BF4B-00C04F79EFBC}") = "WakeOnBandXamarin.iOS", "WakeOnBandXamarin\WakeOnBandXamarin.iOS\WakeOnBandXamarin.iOS.csproj", "{D3328FE7-C867-40B5-87E8-5F8ABB8270F8}"
EndProject
Project("{FAE04EC0-301F-11D3-BF4B-00C04F79EFBC}") = "WakeOnBandXamarin.Core", "WakeOnBandXamarin\WakeOnBandXamarin\WakeOnBandXamarin.Core.csproj", "{A24B818C-2601-4E72-B199-AF3943D21B06}"
EndProject
Project("{FAE04EC0-301F-11D3-BF4B-00C04F79EFBC}") = "WakeOnBandXamarin.UWP", "WakeOnBandXamarin\WakeOnBandXamarin.UWP\WakeOnBandXamarin.UWP.csproj", "{08A3802B-3A76-4BCD-A92A-9D7F902F68AD}"
EndProject
Global
	GlobalSection(SolutionConfigurationPlatforms) = preSolution
		AppStore|Any CPU = AppStore|Any CPU
		AppStore|ARM = AppStore|ARM
		AppStore|iPhone = AppStore|iPhone
		AppStore|iPhoneSimulator = AppStore|iPhoneSimulator
		AppStore|x64 = AppStore|x64
		AppStore|x86 = AppStore|x86
		Debug|Any CPU = Debug|Any CPU
		Debug|ARM = Debug|ARM
		Debug|iPhone = Debug|iPhone
		Debug|iPhoneSimulator = Debug|iPhoneSimulator
		Debug|x64 = Debug|x64
		Debug|x86 = Debug|x86
		Release|Any CPU = Release|Any CPU
		Release|ARM = Release|ARM
		Release|iPhone = Release|iPhone
		Release|iPhoneSimulator = Release|iPhoneSimulator
		Release|x64 = Release|x64
		Release|x86 = Release|x86
	EndGlobalSection
	GlobalSection(ProjectConfigurationPlatforms) = postSolution
		{13AF0E14-A635-42C4-88F7-48D17293D4F3}.AppStore|Any CPU.ActiveCfg = Release|Any CPU
		{13AF0E14-A635-42C4-88F7-48D17293D4F3}.AppStore|Any CPU.Build.0 = Release|Any CPU
		{13AF0E14-A635-42C4-88F7-48D17293D4F3}.AppStore|Any CPU.Deploy.0 = Release|Any CPU
		{13AF0E14-A635-42C4-88F7-48D17293D4F3}.AppStore|ARM.ActiveCfg = Release|Any CPU
		{13AF0E14-A635-42C4-88F7-48D17293D4F3}.AppStore|ARM.Build.0 = Release|Any CPU
		{13AF0E14-A635-42C4-88F7-48D17293D4F3}.AppStore|ARM.Deploy.0 = Release|Any CPU
		{13AF0E14-A635-42C4-88F7-48D17293D4F3}.AppStore|iPhone.ActiveCfg = Release|Any CPU
		{13AF0E14-A635-42C4-88F7-48D17293D4F3}.AppStore|iPhone.Build.0 = Release|Any CPU
		{13AF0E14-A635-42C4-88F7-48D17293D4F3}.AppStore|iPhone.Deploy.0 = Release|Any CPU
		{13AF0E14-A635-42C4-88F7-48D17293D4F3}.AppStore|iPhoneSimulator.ActiveCfg = Release|Any CPU
		{13AF0E14-A635-42C4-88F7-48D17293D4F3}.AppStore|iPhoneSimulator.Build.0 = Release|Any CPU
		{13AF0E14-A635-42C4-88F7-48D17293D4F3}.AppStore|iPhoneSimulator.Deploy.0 = Release|Any CPU
		{13AF0E14-A635-42C4-88F7-48D17293D4F3}.AppStore|x64.ActiveCfg = Debug|Any CPU
		{13AF0E14-A635-42C4-88F7-48D17293D4F3}.AppStore|x64.Build.0 = Debug|Any CPU
		{13AF0E14-A635-42C4-88F7-48D17293D4F3}.AppStore|x64.Deploy.0 = Debug|Any CPU
		{13AF0E14-A635-42C4-88F7-48D17293D4F3}.AppStore|x86.ActiveCfg = Release|Any CPU
		{13AF0E14-A635-42C4-88F7-48D17293D4F3}.AppStore|x86.Build.0 = Release|Any CPU
		{13AF0E14-A635-42C4-88F7-48D17293D4F3}.AppStore|x86.Deploy.0 = Release|Any CPU
		{13AF0E14-A635-42C4-88F7-48D17293D4F3}.Debug|Any CPU.ActiveCfg = Debug|Any CPU
		{13AF0E14-A635-42C4-88F7-48D17293D4F3}.Debug|Any CPU.Build.0 = Debug|Any CPU
		{13AF0E14-A635-42C4-88F7-48D17293D4F3}.Debug|Any CPU.Deploy.0 = Debug|Any CPU
		{13AF0E14-A635-42C4-88F7-48D17293D4F3}.Debug|ARM.ActiveCfg = Debug|Any CPU
		{13AF0E14-A635-42C4-88F7-48D17293D4F3}.Debug|ARM.Build.0 = Debug|Any CPU
		{13AF0E14-A635-42C4-88F7-48D17293D4F3}.Debug|ARM.Deploy.0 = Debug|Any CPU
		{13AF0E14-A635-42C4-88F7-48D17293D4F3}.Debug|iPhone.ActiveCfg = Debug|Any CPU
		{13AF0E14-A635-42C4-88F7-48D17293D4F3}.Debug|iPhone.Build.0 = Debug|Any CPU
		{13AF0E14-A635-42C4-88F7-48D17293D4F3}.Debug|iPhone.Deploy.0 = Debug|Any CPU
		{13AF0E14-A635-42C4-88F7-48D17293D4F3}.Debug|iPhoneSimulator.ActiveCfg = Debug|Any CPU
		{13AF0E14-A635-42C4-88F7-48D17293D4F3}.Debug|iPhoneSimulator.Build.0 = Debug|Any CPU
		{13AF0E14-A635-42C4-88F7-48D17293D4F3}.Debug|iPhoneSimulator.Deploy.0 = Debug|Any CPU
		{13AF0E14-A635-42C4-88F7-48D17293D4F3}.Debug|x64.ActiveCfg = Debug|Any CPU
		{13AF0E14-A635-42C4-88F7-48D17293D4F3}.Debug|x64.Build.0 = Debug|Any CPU
		{13AF0E14-A635-42C4-88F7-48D17293D4F3}.Debug|x64.Deploy.0 = Debug|Any CPU
		{13AF0E14-A635-42C4-88F7-48D17293D4F3}.Debug|x86.ActiveCfg = Debug|Any CPU
		{13AF0E14-A635-42C4-88F7-48D17293D4F3}.Debug|x86.Build.0 = Debug|Any CPU
		{13AF0E14-A635-42C4-88F7-48D17293D4F3}.Debug|x86.Deploy.0 = Debug|Any CPU
		{13AF0E14-A635-42C4-88F7-48D17293D4F3}.Release|Any CPU.ActiveCfg = Release|Any CPU
		{13AF0E14-A635-42C4-88F7-48D17293D4F3}.Release|Any CPU.Build.0 = Release|Any CPU
		{13AF0E14-A635-42C4-88F7-48D17293D4F3}.Release|Any CPU.Deploy.0 = Release|Any CPU
		{13AF0E14-A635-42C4-88F7-48D17293D4F3}.Release|ARM.ActiveCfg = Release|Any CPU
		{13AF0E14-A635-42C4-88F7-48D17293D4F3}.Release|ARM.Build.0 = Release|Any CPU
		{13AF0E14-A635-42C4-88F7-48D17293D4F3}.Release|ARM.Deploy.0 = Release|Any CPU
		{13AF0E14-A635-42C4-88F7-48D17293D4F3}.Release|iPhone.ActiveCfg = Release|Any CPU
		{13AF0E14-A635-42C4-88F7-48D17293D4F3}.Release|iPhone.Build.0 = Release|Any CPU
		{13AF0E14-A635-42C4-88F7-48D17293D4F3}.Release|iPhone.Deploy.0 = Release|Any CPU
		{13AF0E14-A635-42C4-88F7-48D17293D4F3}.Release|iPhoneSimulator.ActiveCfg = Release|Any CPU
		{13AF0E14-A635-42C4-88F7-48D17293D4F3}.Release|iPhoneSimulator.Build.0 = Release|Any CPU
		{13AF0E14-A635-42C4-88F7-48D17293D4F3}.Release|iPhoneSimulator.Deploy.0 = Release|Any CPU
		{13AF0E14-A635-42C4-88F7-48D17293D4F3}.Release|x64.ActiveCfg = Release|Any CPU
		{13AF0E14-A635-42C4-88F7-48D17293D4F3}.Release|x64.Build.0 = Release|Any CPU
		{13AF0E14-A635-42C4-88F7-48D17293D4F3}.Release|x64.Deploy.0 = Release|Any CPU
		{13AF0E14-A635-42C4-88F7-48D17293D4F3}.Release|x86.ActiveCfg = Release|Any CPU
		{13AF0E14-A635-42C4-88F7-48D17293D4F3}.Release|x86.Build.0 = Release|Any CPU
		{13AF0E14-A635-42C4-88F7-48D17293D4F3}.Release|x86.Deploy.0 = Release|Any CPU
		{D3328FE7-C867-40B5-87E8-5F8ABB8270F8}.AppStore|Any CPU.ActiveCfg = AppStore|iPhone
		{D3328FE7-C867-40B5-87E8-5F8ABB8270F8}.AppStore|ARM.ActiveCfg = AppStore|iPhone
		{D3328FE7-C867-40B5-87E8-5F8ABB8270F8}.AppStore|iPhone.ActiveCfg = AppStore|iPhone
		{D3328FE7-C867-40B5-87E8-5F8ABB8270F8}.AppStore|iPhone.Build.0 = AppStore|iPhone
		{D3328FE7-C867-40B5-87E8-5F8ABB8270F8}.AppStore|iPhoneSimulator.ActiveCfg = AppStore|iPhoneSimulator
		{D3328FE7-C867-40B5-87E8-5F8ABB8270F8}.AppStore|iPhoneSimulator.Build.0 = AppStore|iPhoneSimulator
		{D3328FE7-C867-40B5-87E8-5F8ABB8270F8}.AppStore|x64.ActiveCfg = AppStore|iPhoneSimulator
		{D3328FE7-C867-40B5-87E8-5F8ABB8270F8}.AppStore|x86.ActiveCfg = AppStore|iPhone
		{D3328FE7-C867-40B5-87E8-5F8ABB8270F8}.Debug|Any CPU.ActiveCfg = Debug|iPhone
		{D3328FE7-C867-40B5-87E8-5F8ABB8270F8}.Debug|ARM.ActiveCfg = Debug|iPhone
		{D3328FE7-C867-40B5-87E8-5F8ABB8270F8}.Debug|iPhone.ActiveCfg = Debug|iPhone
		{D3328FE7-C867-40B5-87E8-5F8ABB8270F8}.Debug|iPhone.Build.0 = Debug|iPhone
		{D3328FE7-C867-40B5-87E8-5F8ABB8270F8}.Debug|iPhoneSimulator.ActiveCfg = Debug|iPhoneSimulator
		{D3328FE7-C867-40B5-87E8-5F8ABB8270F8}.Debug|iPhoneSimulator.Build.0 = Debug|iPhoneSimulator
		{D3328FE7-C867-40B5-87E8-5F8ABB8270F8}.Debug|x64.ActiveCfg = Debug|iPhoneSimulator
		{D3328FE7-C867-40B5-87E8-5F8ABB8270F8}.Debug|x86.ActiveCfg = Debug|iPhone
		{D3328FE7-C867-40B5-87E8-5F8ABB8270F8}.Release|Any CPU.ActiveCfg = Release|iPhone
		{D3328FE7-C867-40B5-87E8-5F8ABB8270F8}.Release|ARM.ActiveCfg = Release|iPhone
		{D3328FE7-C867-40B5-87E8-5F8ABB8270F8}.Release|iPhone.ActiveCfg = Release|iPhone
		{D3328FE7-C867-40B5-87E8-5F8ABB8270F8}.Release|iPhone.Build.0 = Release|iPhone
		{D3328FE7-C867-40B5-87E8-5F8ABB8270F8}.Release|iPhoneSimulator.ActiveCfg = Release|iPhoneSimulator
		{D3328FE7-C867-40B5-87E8-5F8ABB8270F8}.Release|iPhoneSimulator.Build.0 = Release|iPhoneSimulator
		{D3328FE7-C867-40B5-87E8-5F8ABB8270F8}.Release|x64.ActiveCfg = Release|iPhoneSimulator
		{D3328FE7-C867-40B5-87E8-5F8ABB8270F8}.Release|x86.ActiveCfg = Release|iPhone
		{A24B818C-2601-4E72-B199-AF3943D21B06}.AppStore|Any CPU.ActiveCfg = Release|Any CPU
		{A24B818C-2601-4E72-B199-AF3943D21B06}.AppStore|Any CPU.Build.0 = Release|Any CPU
		{A24B818C-2601-4E72-B199-AF3943D21B06}.AppStore|ARM.ActiveCfg = Release|Any CPU
		{A24B818C-2601-4E72-B199-AF3943D21B06}.AppStore|ARM.Build.0 = Release|Any CPU
		{A24B818C-2601-4E72-B199-AF3943D21B06}.AppStore|iPhone.ActiveCfg = Release|Any CPU
		{A24B818C-2601-4E72-B199-AF3943D21B06}.AppStore|iPhone.Build.0 = Release|Any CPU
		{A24B818C-2601-4E72-B199-AF3943D21B06}.AppStore|iPhoneSimulator.ActiveCfg = Release|Any CPU
		{A24B818C-2601-4E72-B199-AF3943D21B06}.AppStore|iPhoneSimulator.Build.0 = Release|Any CPU
		{A24B818C-2601-4E72-B199-AF3943D21B06}.AppStore|x64.ActiveCfg = Debug|Any CPU
		{A24B818C-2601-4E72-B199-AF3943D21B06}.AppStore|x64.Build.0 = Debug|Any CPU
		{A24B818C-2601-4E72-B199-AF3943D21B06}.AppStore|x86.ActiveCfg = Release|Any CPU
		{A24B818C-2601-4E72-B199-AF3943D21B06}.AppStore|x86.Build.0 = Release|Any CPU
		{A24B818C-2601-4E72-B199-AF3943D21B06}.Debug|Any CPU.ActiveCfg = Debug|Any CPU
		{A24B818C-2601-4E72-B199-AF3943D21B06}.Debug|Any CPU.Build.0 = Debug|Any CPU
		{A24B818C-2601-4E72-B199-AF3943D21B06}.Debug|ARM.ActiveCfg = Debug|Any CPU
		{A24B818C-2601-4E72-B199-AF3943D21B06}.Debug|ARM.Build.0 = Debug|Any CPU
		{A24B818C-2601-4E72-B199-AF3943D21B06}.Debug|iPhone.ActiveCfg = Debug|Any CPU
		{A24B818C-2601-4E72-B199-AF3943D21B06}.Debug|iPhone.Build.0 = Debug|Any CPU
		{A24B818C-2601-4E72-B199-AF3943D21B06}.Debug|iPhoneSimulator.ActiveCfg = Debug|Any CPU
		{A24B818C-2601-4E72-B199-AF3943D21B06}.Debug|iPhoneSimulator.Build.0 = Debug|Any CPU
		{A24B818C-2601-4E72-B199-AF3943D21B06}.Debug|x64.ActiveCfg = Debug|Any CPU
		{A24B818C-2601-4E72-B199-AF3943D21B06}.Debug|x64.Build.0 = Debug|Any CPU
		{A24B818C-2601-4E72-B199-AF3943D21B06}.Debug|x86.ActiveCfg = Debug|Any CPU
		{A24B818C-2601-4E72-B199-AF3943D21B06}.Debug|x86.Build.0 = Debug|Any CPU
		{A24B818C-2601-4E72-B199-AF3943D21B06}.Release|Any CPU.ActiveCfg = Release|Any CPU
		{A24B818C-2601-4E72-B199-AF3943D21B06}.Release|Any CPU.Build.0 = Release|Any CPU
		{A24B818C-2601-4E72-B199-AF3943D21B06}.Release|ARM.ActiveCfg = Release|Any CPU
		{A24B818C-2601-4E72-B199-AF3943D21B06}.Release|ARM.Build.0 = Release|Any CPU
		{A24B818C-2601-4E72-B199-AF3943D21B06}.Release|iPhone.ActiveCfg = Release|Any CPU
		{A24B818C-2601-4E72-B199-AF3943D21B06}.Release|iPhone.Build.0 = Release|Any CPU
		{A24B818C-2601-4E72-B199-AF3943D21B06}.Release|iPhoneSimulator.ActiveCfg = Release|Any CPU
		{A24B818C-2601-4E72-B199-AF3943D21B06}.Release|iPhoneSimulator.Build.0 = Release|Any CPU
		{A24B818C-2601-4E72-B199-AF3943D21B06}.Release|x64.ActiveCfg = Release|Any CPU
		{A24B818C-2601-4E72-B199-AF3943D21B06}.Release|x64.Build.0 = Release|Any CPU
		{A24B818C-2601-4E72-B199-AF3943D21B06}.Release|x86.ActiveCfg = Release|Any CPU
		{A24B818C-2601-4E72-B199-AF3943D21B06}.Release|x86.Build.0 = Release|Any CPU
		{08A3802B-3A76-4BCD-A92A-9D7F902F68AD}.AppStore|Any CPU.ActiveCfg = Release|x64
		{08A3802B-3A76-4BCD-A92A-9D7F902F68AD}.AppStore|Any CPU.Build.0 = Release|x64
		{08A3802B-3A76-4BCD-A92A-9D7F902F68AD}.AppStore|Any CPU.Deploy.0 = Release|x64
		{08A3802B-3A76-4BCD-A92A-9D7F902F68AD}.AppStore|ARM.ActiveCfg = Release|ARM
		{08A3802B-3A76-4BCD-A92A-9D7F902F68AD}.AppStore|ARM.Build.0 = Release|ARM
		{08A3802B-3A76-4BCD-A92A-9D7F902F68AD}.AppStore|ARM.Deploy.0 = Release|ARM
		{08A3802B-3A76-4BCD-A92A-9D7F902F68AD}.AppStore|iPhone.ActiveCfg = Release|x64
		{08A3802B-3A76-4BCD-A92A-9D7F902F68AD}.AppStore|iPhone.Build.0 = Release|x64
		{08A3802B-3A76-4BCD-A92A-9D7F902F68AD}.AppStore|iPhone.Deploy.0 = Release|x64
		{08A3802B-3A76-4BCD-A92A-9D7F902F68AD}.AppStore|iPhoneSimulator.ActiveCfg = Release|x64
		{08A3802B-3A76-4BCD-A92A-9D7F902F68AD}.AppStore|iPhoneSimulator.Build.0 = Release|x64
		{08A3802B-3A76-4BCD-A92A-9D7F902F68AD}.AppStore|iPhoneSimulator.Deploy.0 = Release|x64
		{08A3802B-3A76-4BCD-A92A-9D7F902F68AD}.AppStore|x64.ActiveCfg = Release|x64
		{08A3802B-3A76-4BCD-A92A-9D7F902F68AD}.AppStore|x64.Build.0 = Release|x64
		{08A3802B-3A76-4BCD-A92A-9D7F902F68AD}.AppStore|x64.Deploy.0 = Release|x64
		{08A3802B-3A76-4BCD-A92A-9D7F902F68AD}.AppStore|x86.ActiveCfg = Release|x86
		{08A3802B-3A76-4BCD-A92A-9D7F902F68AD}.AppStore|x86.Build.0 = Release|x86
		{08A3802B-3A76-4BCD-A92A-9D7F902F68AD}.AppStore|x86.Deploy.0 = Release|x86
		{08A3802B-3A76-4BCD-A92A-9D7F902F68AD}.Debug|Any CPU.ActiveCfg = Debug|x86
		{08A3802B-3A76-4BCD-A92A-9D7F902F68AD}.Debug|Any CPU.Build.0 = Debug|x86
		{08A3802B-3A76-4BCD-A92A-9D7F902F68AD}.Debug|Any CPU.Deploy.0 = Debug|x86
		{08A3802B-3A76-4BCD-A92A-9D7F902F68AD}.Debug|ARM.ActiveCfg = Debug|ARM
		{08A3802B-3A76-4BCD-A92A-9D7F902F68AD}.Debug|ARM.Build.0 = Debug|ARM
		{08A3802B-3A76-4BCD-A92A-9D7F902F68AD}.Debug|ARM.Deploy.0 = Debug|ARM
		{08A3802B-3A76-4BCD-A92A-9D7F902F68AD}.Debug|iPhone.ActiveCfg = Debug|x86
		{08A3802B-3A76-4BCD-A92A-9D7F902F68AD}.Debug|iPhoneSimulator.ActiveCfg = Debug|x86
		{08A3802B-3A76-4BCD-A92A-9D7F902F68AD}.Debug|x64.ActiveCfg = Debug|x64
		{08A3802B-3A76-4BCD-A92A-9D7F902F68AD}.Debug|x64.Build.0 = Debug|x64
		{08A3802B-3A76-4BCD-A92A-9D7F902F68AD}.Debug|x64.Deploy.0 = Debug|x64
		{08A3802B-3A76-4BCD-A92A-9D7F902F68AD}.Debug|x86.ActiveCfg = Debug|x86
		{08A3802B-3A76-4BCD-A92A-9D7F902F68AD}.Debug|x86.Build.0 = Debug|x86
		{08A3802B-3A76-4BCD-A92A-9D7F902F68AD}.Debug|x86.Deploy.0 = Debug|x86
		{08A3802B-3A76-4BCD-A92A-9D7F902F68AD}.Release|Any CPU.ActiveCfg = Release|x86
		{08A3802B-3A76-4BCD-A92A-9D7F902F68AD}.Release|Any CPU.Build.0 = Release|x86
		{08A3802B-3A76-4BCD-A92A-9D7F902F68AD}.Release|Any CPU.Deploy.0 = Release|x86
		{08A3802B-3A76-4BCD-A92A-9D7F902F68AD}.Release|ARM.ActiveCfg = Release|ARM
		{08A3802B-3A76-4BCD-A92A-9D7F902F68AD}.Release|ARM.Build.0 = Release|ARM
		{08A3802B-3A76-4BCD-A92A-9D7F902F68AD}.Release|ARM.Deploy.0 = Release|ARM
		{08A3802B-3A76-4BCD-A92A-9D7F902F68AD}.Release|iPhone.ActiveCfg = Release|x86
		{08A3802B-3A76-4BCD-A92A-9D7F902F68AD}.Release|iPhoneSimulator.ActiveCfg = Release|x86
		{08A3802B-3A76-4BCD-A92A-9D7F902F68AD}.Release|x64.ActiveCfg = Release|x64
		{08A3802B-3A76-4BCD-A92A-9D7F902F68AD}.Release|x64.Build.0 = Release|x64
		{08A3802B-3A76-4BCD-A92A-9D7F902F68AD}.Release|x64.Deploy.0 = Release|x64
		{08A3802B-3A76-4BCD-A92A-9D7F902F68AD}.Release|x86.ActiveCfg = Release|x86
		{08A3802B-3A76-4BCD-A92A-9D7F902F68AD}.Release|x86.Build.0 = Release|x86
		{08A3802B-3A76-4BCD-A92A-9D7F902F68AD}.Release|x86.Deploy.0 = Release|x86
	EndGlobalSection
	GlobalSection(SolutionProperties) = preSolution
		HideSolutionNode = FALSE
	EndGlobalSection
EndGlobal
